
Microsoft Visual Studio Solution File, Format Version 12.00
# Visual Studio Version 16
VisualStudioVersion = 16.0.30002.166
MinimumVisualStudioVersion = 10.0.40219.1
Project("{FAE04EC0-301F-11D3-BF4B-00C04F79EFBC}") = "EventlogAzureMonitorBridge", "EventlogAzureMonitorBridge\EventlogAzureMonitorBridge.csproj", "{4F1BE2FB-FE35-4CAE-8285-BB2390D70569}"
EndProject
Global
	GlobalSection(SolutionConfigurationPlatforms) = preSolution
		Debug|Any CPU = Debug|Any CPU
		Release|Any CPU = Release|Any CPU
	EndGlobalSection
	GlobalSection(ProjectConfigurationPlatforms) = postSolution
		{4F1BE2FB-FE35-4CAE-8285-BB2390D70569}.Debug|Any CPU.ActiveCfg = Debug|Any CPU
		{4F1BE2FB-FE35-4CAE-8285-BB2390D70569}.Debug|Any CPU.Build.0 = Debug|Any CPU
		{4F1BE2FB-FE35-4CAE-8285-BB2390D70569}.Release|Any CPU.ActiveCfg = Release|Any CPU
		{4F1BE2FB-FE35-4CAE-8285-BB2390D70569}.Release|Any CPU.Build.0 = Release|Any CPU
	EndGlobalSection
	GlobalSection(SolutionProperties) = preSolution
		HideSolutionNode = FALSE
	EndGlobalSection
	GlobalSection(ExtensibilityGlobals) = postSolution
		SolutionGuid = {63323B32-29E1-4422-8079-1C848936C03B}
	EndGlobalSection
EndGlobal
